{
  "lockfileVersion": 1,
  "configVersion": 1,
  "workspaces": {
    "": {
      "name": "baguette",
      "dependencies": {
        "@hono/zod-openapi": "^1.4.0",
        "@scalar/hono-api-reference": "^0.11.3",
        "cron": "^4.4.0",
        "hono": "^4.12.25",
        "postgres": "^3.4.9",
        "zod": "^4.0.0",
      },
      "devDependencies": {
        "@types/bun": "latest",
      },
      "peerDependencies": {
        "typescript": "^5.6.0",
      },
    },
  },
  "packages": {
    "@asteasolutions/zod-to-openapi": ["@asteasolutions/zod-to-openapi@8.5.0", "", { "dependencies": { "openapi3-ts": "^4.1.2" }, "peerDependencies": { "zod": "^4.0.0" } }, "sha512-SABbKiObg5dLRiTFnqiW1WWwGcg1BJfmHtT2asIBnBHg6Smy/Ms2KHc650+JI4Hw7lSkdiNebEGXpwoxfben8Q=="],

    "@hono/zod-openapi": ["@hono/zod-openapi@1.4.0", "", { "dependencies": { "@asteasolutions/zod-to-openapi": "^8.5.0", "@hono/zod-validator": "^0.8.0", "openapi3-ts": "^4.5.0" }, "peerDependencies": { "hono": ">=4.10.0", "zod": "^4.0.0" } }, "sha512-AFchqR1N/NxfI4hUOSGI2/g8zLROxA1OE7Oh5JJFlTaGxhrdRyH+93gd0tIBpb0z8s9r8hUoNnaOBfHbdb4NMw=="],

    "@hono/zod-validator": ["@hono/zod-validator@0.8.0", "", { "peerDependencies": { "hono": ">=4.10.0", "zod": "^3.25.0 || ^4.0.0" } }, "sha512-5uS4S1/LKtZQYvD4BtpPUFkOv8d1wNxHHrChm26buMiEYc1FrHWvDUaKVBwkiVtvSExHSpLGDvcnpI2Copyj9w=="],

    "@scalar/client-side-rendering": ["@scalar/client-side-rendering@0.3.1", "", { "dependencies": { "@scalar/schemas": "0.7.1", "@scalar/types": "0.16.1", "@scalar/validation": "0.6.0" } }, "sha512-V9pBpA5j59wCDfYeKQ/mSGc1M5YnOAc/aU0D3KVkvsZpSvlGuig5RW7Q8EeohtES4acZKq0KhVB+Rxx/GT58LA=="],

    "@scalar/helpers": ["@scalar/helpers@0.9.0", "", {}, "sha512-M34CLRCttqC1bXthI/QSzQj0s5C6nrU2PFWf/vOT3RpycbiGDGQbqR+5RfFzpOIQvRqbHfNdcRbeiZBw+vCbkQ=="],

    "@scalar/hono-api-reference": ["@scalar/hono-api-reference@0.11.8", "", { "dependencies": { "@scalar/client-side-rendering": "0.3.1" }, "peerDependencies": { "hono": "^4.12.5" } }, "sha512-LsRSlm6Uh6p28LvWalJ++38ObMmXJmY+XhdZiNgeED3nNprgp/DsX/z9wj0Xps5kaIAphGOT3lL4LUGF/9XmwA=="],

    "@scalar/schemas": ["@scalar/schemas@0.7.1", "", { "dependencies": { "@scalar/helpers": "0.9.0", "@scalar/validation": "0.6.0" } }, "sha512-80bxEp4ZOWxOm8kqhPi3kdJ2gipz2lZBSEHStAh3Z6NZPkFAOlZZYnDFwodhY0LwTihgvv4FVNmi64gziM0F1g=="],

    "@scalar/types": ["@scalar/types@0.16.1", "", { "dependencies": { "@scalar/helpers": "0.9.0", "nanoid": "^5.1.6", "type-fest": "^5.3.1", "zod": "^4.3.5" } }, "sha512-zzApf0dtEqztdY//3gmRJTgySGMpKnAVqcZltAzt95yuQPXbkSqxXDTitBLd1abeSeik+W6GFTIjffL8K+1wqQ=="],

    "@scalar/validation": ["@scalar/validation@0.6.0", "", {}, "sha512-tpmmG+/xRE2Kn9RpflU3AIyZv08v10+E1ZrJCx7z6+/91zHVxy0M73kC1LT4/8PbYNt85ywyC8+n+D99JdMcGA=="],

    "@types/bun": ["@types/bun@1.3.14", "", { "dependencies": { "bun-types": "1.3.14" } }, "sha512-h1hFqFVcvAvD9j9K7ZW7vd82aSA+rTdznZa+5bwvCwqSB1jmmfLcbIWhOLx1/+boy/xmjgCs/OMUL8hRJSmnPw=="],

    "@types/luxon": ["@types/luxon@3.7.2", "", {}, "sha512-gW+Oib+vUtGJBtNC8V9Reww0oIpusw+4m81uncg9REGZAJfqOQHfo/nkabnc7w0QReXyPqjrbWMJk6NuAkiX3Q=="],

    "@types/node": ["@types/node@26.1.0", "", { "dependencies": { "undici-types": "~8.3.0" } }, "sha512-O0A1G3xPGy4w7AgQdAQYUlQ+BKk2Oovw8eRpofyp5KdBZULnbe+WqaOVNrm705SHphCiG4XHsACrSmPu1f+Kgw=="],

    "bun-types": ["bun-types@1.3.14", "", { "dependencies": { "@types/node": "*" } }, "sha512-4N0ig0fEomHt5R0KCFWjovxow98rIoRwKolrYdCcknNwMekCXRnWEUvgu5soYV8QXtVsrUD8B95MBOZGPvr6KQ=="],

    "cron": ["cron@4.4.0", "", { "dependencies": { "@types/luxon": "~3.7.0", "luxon": "~3.7.0" } }, "sha512-fkdfq+b+AHI4cKdhZlppHveI/mgz2qpiYxcm+t5E5TsxX7QrLS1VE0+7GENEk9z0EeGPcpSciGv6ez24duWhwQ=="],

    "hono": ["hono@4.12.27", "", {}, "sha512-1yrb/+w6HWQJrUCLkJ2IF5jNIPvvFkblV5RNOYl6bV+OA6p9GLcMpHFFGTosSvHvcAUibuUukRqhlYI4z32C7Q=="],

    "luxon": ["luxon@3.7.2", "", {}, "sha512-vtEhXh/gNjI9Yg1u4jX/0YVPMvxzHuGgCm6tC5kZyb08yjGWGnqAjGJvcXbqQR2P3MyMEFnRbpcdFS6PBcLqew=="],

    "nanoid": ["nanoid@5.1.16", "", { "bin": { "nanoid": "bin/nanoid.js" } }, "sha512-kVrnsrJqMR8+oLJnGEmSWw9BivK5mt7H3FZatVRjrc5wGqFYuBxX1yG7+A7Gi5AefkX6t/oCkizcQgpu0cY1dQ=="],

    "openapi3-ts": ["openapi3-ts@4.6.0", "", { "dependencies": { "yaml": "^2.9.0" } }, "sha512-a4sfn6L2sIShhtzJqmjGrARvxAW/3F2BJDdyRVvNF9VhAsZSh5hSyI3a9TNvmzBxXmq66nY5LNT5bQcBxYAZZg=="],

    "postgres": ["postgres@3.4.9", "", {}, "sha512-GD3qdB0x1z9xgFI6cdRD6xu2Sp2WCOEoe3mtnyB5Ee0XrrL5Pe+e4CCnJrRMnL1zYtRDZmQQVbvOttLnKDLnaw=="],

    "tagged-tag": ["tagged-tag@1.0.0", "", {}, "sha512-yEFYrVhod+hdNyx7g5Bnkkb0G6si8HJurOoOEgC8B/O0uXLHlaey/65KRv6cuWBNhBgHKAROVpc7QyYqE5gFng=="],

    "type-fest": ["type-fest@5.7.0", "", { "dependencies": { "tagged-tag": "^1.0.0" } }, "sha512-1URUxUqfHFM1c+zfSPsa3gnkO7Aq21qyH75SIduNYz4SzY964rn1X2vCMQaHSHhktiw+0kPa2iyb6PUpXqB6Vg=="],

    "typescript": ["typescript@5.9.3", "", { "bin": { "tsc": "bin/tsc", "tsserver": "bin/tsserver" } }, "sha512-jl1vZzPDinLr9eUt3J/t7V6FgNEw9QjvBPdysz9KfQDD41fQrC2Y4vKQdiaUpFT4bXlb1RHhLpp8wtm6M5TgSw=="],

    "undici-types": ["undici-types@8.3.0", "", {}, "sha512-j375ScV60dom+YkPFIfTLcOiPxkN/buHz5GobjLhixFuANaNs3C9l4GmrWqejgXWJ7BbJcFYpTEUkS1Ge8bpZQ=="],

    "yaml": ["yaml@2.9.0", "", { "bin": { "yaml": "bin.mjs" } }, "sha512-2AvhNX3mb8zd6Zy7INTtSpl1F15HW6Wnqj0srWlkKLcpYl/gMIMJiyuGq2KeI2YFxUPjdlB+3Lc10seMLtL4cA=="],

    "zod": ["zod@4.4.3", "", {}, "sha512-ytENFjIJFl2UwYglde2jchW2Hwm4GJFLDiSXWdTrJQBIN9Fcyp7n4DhxJEiWNAJMV1/BqWfW/kkg71UDcHJyTQ=="],
  }
}
