{
  "lockfileVersion": 1,
  "configVersion": 1,
  "workspaces": {
    "": {
      "name": "baguette",
      "dependencies": {
        "@hono/zod-openapi": "^1.4.0",
        "@scalar/hono-api-reference": "^0.11.3",
        "cron": "^4.4.0",
        "hono": "^4.12.25",
        "postgres": "^3.4.9",
        "zod": "^4.0.0",
      },
      "devDependencies": {
        "@react-email/components": "^0.0.32",
        "@react-email/render": "^1.0.0",
        "@types/bun": "latest",
        "@types/nodemailer": "^6.4.0",
        "@types/react": "^19.0.0",
        "nodemailer": "^6.9.0",
        "react": "^19.0.0",
        "resend": "^4.0.0",
      },
      "peerDependencies": {
        "@react-email/render": ">=1",
        "nodemailer": ">=6",
        "react": ">=18",
        "typescript": "^5.6.0",
      },
      "optionalPeers": [
        "@react-email/render",
        "nodemailer",
        "react",
      ],
    },
  },
  "packages": {
    "@asteasolutions/zod-to-openapi": ["@asteasolutions/zod-to-openapi@8.5.0", "", { "dependencies": { "openapi3-ts": "^4.1.2" }, "peerDependencies": { "zod": "^4.0.0" } }, "sha512-SABbKiObg5dLRiTFnqiW1WWwGcg1BJfmHtT2asIBnBHg6Smy/Ms2KHc650+JI4Hw7lSkdiNebEGXpwoxfben8Q=="],

    "@hono/zod-openapi": ["@hono/zod-openapi@1.4.0", "", { "dependencies": { "@asteasolutions/zod-to-openapi": "^8.5.0", "@hono/zod-validator": "^0.8.0", "openapi3-ts": "^4.5.0" }, "peerDependencies": { "hono": ">=4.10.0", "zod": "^4.0.0" } }, "sha512-AFchqR1N/NxfI4hUOSGI2/g8zLROxA1OE7Oh5JJFlTaGxhrdRyH+93gd0tIBpb0z8s9r8hUoNnaOBfHbdb4NMw=="],

    "@hono/zod-validator": ["@hono/zod-validator@0.8.0", "", { "peerDependencies": { "hono": ">=4.10.0", "zod": "^3.25.0 || ^4.0.0" } }, "sha512-5uS4S1/LKtZQYvD4BtpPUFkOv8d1wNxHHrChm26buMiEYc1FrHWvDUaKVBwkiVtvSExHSpLGDvcnpI2Copyj9w=="],

    "@react-email/body": ["@react-email/body@0.0.11", "", { "peerDependencies": { "react": "^18.0 || ^19.0 || ^19.0.0-rc" } }, "sha512-ZSD2SxVSgUjHGrB0Wi+4tu3MEpB4fYSbezsFNEJk2xCWDBkFiOeEsjTmR5dvi+CxTK691hQTQlHv0XWuP7ENTg=="],

    "@react-email/button": ["@react-email/button@0.0.19", "", { "peerDependencies": { "react": "^18.0 || ^19.0 || ^19.0.0-rc" } }, "sha512-HYHrhyVGt7rdM/ls6FuuD6XE7fa7bjZTJqB2byn6/oGsfiEZaogY77OtoLL/mrQHjHjZiJadtAMSik9XLcm7+A=="],

    "@react-email/code-block": ["@react-email/code-block@0.0.11", "", { "dependencies": { "prismjs": "1.29.0" }, "peerDependencies": { "react": "^18.0 || ^19.0 || ^19.0.0-rc" } }, "sha512-4D43p+LIMjDzm66gTDrZch0Flkip5je91mAT7iGs6+SbPyalHgIA+lFQoQwhz/VzHHLxuD0LV6gwmU/WUQ2WEg=="],

    "@react-email/code-inline": ["@react-email/code-inline@0.0.5", "", { "peerDependencies": { "react": "^18.0 || ^19.0 || ^19.0.0-rc" } }, "sha512-MmAsOzdJpzsnY2cZoPHFPk6uDO/Ncpb4Kh1hAt9UZc1xOW3fIzpe1Pi9y9p6wwUmpaeeDalJxAxH6/fnTquinA=="],

    "@react-email/column": ["@react-email/column@0.0.13", "", { "peerDependencies": { "react": "^18.0 || ^19.0 || ^19.0.0-rc" } }, "sha512-Lqq17l7ShzJG/d3b1w/+lVO+gp2FM05ZUo/nW0rjxB8xBICXOVv6PqjDnn3FXKssvhO5qAV20lHM6S+spRhEwQ=="],

    "@react-email/components": ["@react-email/components@0.0.32", "", { "dependencies": { "@react-email/body": "0.0.11", "@react-email/button": "0.0.19", "@react-email/code-block": "0.0.11", "@react-email/code-inline": "0.0.5", "@react-email/column": "0.0.13", "@react-email/container": "0.0.15", "@react-email/font": "0.0.9", "@react-email/head": "0.0.12", "@react-email/heading": "0.0.15", "@react-email/hr": "0.0.11", "@react-email/html": "0.0.11", "@react-email/img": "0.0.11", "@react-email/link": "0.0.12", "@react-email/markdown": "0.0.14", "@react-email/preview": "0.0.12", "@react-email/render": "1.0.4", "@react-email/row": "0.0.12", "@react-email/section": "0.0.16", "@react-email/tailwind": "1.0.4", "@react-email/text": "0.0.11" }, "peerDependencies": { "react": "^18.0 || ^19.0 || ^19.0.0-rc" } }, "sha512-+1Wv7PyVgWfLoj5W0+CvBsJMIfMI6ibcFcIPXNkb2lhKQQASgxSoAedRL1rH0CCaBo6+63tg8y4baHzJonfZbw=="],

    "@react-email/container": ["@react-email/container@0.0.15", "", { "peerDependencies": { "react": "^18.0 || ^19.0 || ^19.0.0-rc" } }, "sha512-Qo2IQo0ru2kZq47REmHW3iXjAQaKu4tpeq/M8m1zHIVwKduL2vYOBQWbC2oDnMtWPmkBjej6XxgtZByxM6cCFg=="],

    "@react-email/font": ["@react-email/font@0.0.9", "", { "peerDependencies": { "react": "^18.0 || ^19.0 || ^19.0.0-rc" } }, "sha512-4zjq23oT9APXkerqeslPH3OZWuh5X4crHK6nx82mVHV2SrLba8+8dPEnWbaACWTNjOCbcLIzaC9unk7Wq2MIXw=="],

    "@react-email/head": ["@react-email/head@0.0.12", "", { "peerDependencies": { "react": "^18.0 || ^19.0 || ^19.0.0-rc" } }, "sha512-X2Ii6dDFMF+D4niNwMAHbTkeCjlYYnMsd7edXOsi0JByxt9wNyZ9EnhFiBoQdqkE+SMDcu8TlNNttMrf5sJeMA=="],

    "@react-email/heading": ["@react-email/heading@0.0.15", "", { "peerDependencies": { "react": "^18.0 || ^19.0 || ^19.0.0-rc" } }, "sha512-xF2GqsvBrp/HbRHWEfOgSfRFX+Q8I5KBEIG5+Lv3Vb2R/NYr0s8A5JhHHGf2pWBMJdbP4B2WHgj/VUrhy8dkIg=="],

    "@react-email/hr": ["@react-email/hr@0.0.11", "", { "peerDependencies": { "react": "^18.0 || ^19.0 || ^19.0.0-rc" } }, "sha512-S1gZHVhwOsd1Iad5IFhpfICwNPMGPJidG/Uysy1AwmspyoAP5a4Iw3OWEpINFdgh9MHladbxcLKO2AJO+cA9Lw=="],

    "@react-email/html": ["@react-email/html@0.0.11", "", { "peerDependencies": { "react": "^18.0 || ^19.0 || ^19.0.0-rc" } }, "sha512-qJhbOQy5VW5qzU74AimjAR9FRFQfrMa7dn4gkEXKMB/S9xZN8e1yC1uA9C15jkXI/PzmJ0muDIWmFwatm5/+VA=="],

    "@react-email/img": ["@react-email/img@0.0.11", "", { "peerDependencies": { "react": "^18.0 || ^19.0 || ^19.0.0-rc" } }, "sha512-aGc8Y6U5C3igoMaqAJKsCpkbm1XjguQ09Acd+YcTKwjnC2+0w3yGUJkjWB2vTx4tN8dCqQCXO8FmdJpMfOA9EQ=="],

    "@react-email/link": ["@react-email/link@0.0.12", "", { "peerDependencies": { "react": "^18.0 || ^19.0 || ^19.0.0-rc" } }, "sha512-vF+xxQk2fGS1CN7UPQDbzvcBGfffr+GjTPNiWM38fhBfsLv6A/YUfaqxWlmL7zLzVmo0K2cvvV9wxlSyNba1aQ=="],

    "@react-email/markdown": ["@react-email/markdown@0.0.14", "", { "dependencies": { "md-to-react-email": "5.0.5" }, "peerDependencies": { "react": "^18.0 || ^19.0 || ^19.0.0-rc" } }, "sha512-5IsobCyPkb4XwnQO8uFfGcNOxnsg3311GRXhJ3uKv51P7Jxme4ycC/MITnwIZ10w2zx7HIyTiqVzTj4XbuIHbg=="],

    "@react-email/preview": ["@react-email/preview@0.0.12", "", { "peerDependencies": { "react": "^18.0 || ^19.0 || ^19.0.0-rc" } }, "sha512-g/H5fa9PQPDK6WUEG7iTlC19sAktI23qyoiJtMLqQiXFCfWeQMhqjLGKeLSKkfzszqmfJCjZtpSiKtBoOdxp3Q=="],

    "@react-email/render": ["@react-email/render@1.4.0", "", { "dependencies": { "html-to-text": "^9.0.5", "prettier": "^3.5.3", "react-promise-suspense": "^0.3.4" }, "peerDependencies": { "react": "^18.0 || ^19.0 || ^19.0.0-rc", "react-dom": "^18.0 || ^19.0 || ^19.0.0-rc" } }, "sha512-ZtJ3noggIvW1ZAryoui95KJENKdCzLmN5F7hyZY1F/17B1vwzuxHB7YkuCg0QqHjDivc5axqYEYdIOw4JIQdUw=="],

    "@react-email/row": ["@react-email/row@0.0.12", "", { "peerDependencies": { "react": "^18.0 || ^19.0 || ^19.0.0-rc" } }, "sha512-HkCdnEjvK3o+n0y0tZKXYhIXUNPDx+2vq1dJTmqappVHXS5tXS6W5JOPZr5j+eoZ8gY3PShI2LWj5rWF7ZEtIQ=="],

    "@react-email/section": ["@react-email/section@0.0.16", "", { "peerDependencies": { "react": "^18.0 || ^19.0 || ^19.0.0-rc" } }, "sha512-FjqF9xQ8FoeUZYKSdt8sMIKvoT9XF8BrzhT3xiFKdEMwYNbsDflcjfErJe3jb7Wj/es/lKTbV5QR1dnLzGpL3w=="],

    "@react-email/tailwind": ["@react-email/tailwind@1.0.4", "", { "peerDependencies": { "react": "^18.0 || ^19.0 || ^19.0.0-rc" } }, "sha512-tJdcusncdqgvTUYZIuhNC6LYTfL9vNTSQpwWdTCQhQ1lsrNCEE4OKCSdzSV3S9F32pi0i0xQ+YPJHKIzGjdTSA=="],

    "@react-email/text": ["@react-email/text@0.0.11", "", { "peerDependencies": { "react": "^18.0 || ^19.0 || ^19.0.0-rc" } }, "sha512-a7nl/2KLpRHOYx75YbYZpWspUbX1DFY7JIZbOv5x0QU8SvwDbJt+Hm01vG34PffFyYvHEXrc6Qnip2RTjljNjg=="],

    "@scalar/client-side-rendering": ["@scalar/client-side-rendering@0.3.1", "", { "dependencies": { "@scalar/schemas": "0.7.1", "@scalar/types": "0.16.1", "@scalar/validation": "0.6.0" } }, "sha512-V9pBpA5j59wCDfYeKQ/mSGc1M5YnOAc/aU0D3KVkvsZpSvlGuig5RW7Q8EeohtES4acZKq0KhVB+Rxx/GT58LA=="],

    "@scalar/helpers": ["@scalar/helpers@0.9.0", "", {}, "sha512-M34CLRCttqC1bXthI/QSzQj0s5C6nrU2PFWf/vOT3RpycbiGDGQbqR+5RfFzpOIQvRqbHfNdcRbeiZBw+vCbkQ=="],

    "@scalar/hono-api-reference": ["@scalar/hono-api-reference@0.11.8", "", { "dependencies": { "@scalar/client-side-rendering": "0.3.1" }, "peerDependencies": { "hono": "^4.12.5" } }, "sha512-LsRSlm6Uh6p28LvWalJ++38ObMmXJmY+XhdZiNgeED3nNprgp/DsX/z9wj0Xps5kaIAphGOT3lL4LUGF/9XmwA=="],

    "@scalar/schemas": ["@scalar/schemas@0.7.1", "", { "dependencies": { "@scalar/helpers": "0.9.0", "@scalar/validation": "0.6.0" } }, "sha512-80bxEp4ZOWxOm8kqhPi3kdJ2gipz2lZBSEHStAh3Z6NZPkFAOlZZYnDFwodhY0LwTihgvv4FVNmi64gziM0F1g=="],

    "@scalar/types": ["@scalar/types@0.16.1", "", { "dependencies": { "@scalar/helpers": "0.9.0", "nanoid": "^5.1.6", "type-fest": "^5.3.1", "zod": "^4.3.5" } }, "sha512-zzApf0dtEqztdY//3gmRJTgySGMpKnAVqcZltAzt95yuQPXbkSqxXDTitBLd1abeSeik+W6GFTIjffL8K+1wqQ=="],

    "@scalar/validation": ["@scalar/validation@0.6.0", "", {}, "sha512-tpmmG+/xRE2Kn9RpflU3AIyZv08v10+E1ZrJCx7z6+/91zHVxy0M73kC1LT4/8PbYNt85ywyC8+n+D99JdMcGA=="],

    "@selderee/plugin-htmlparser2": ["@selderee/plugin-htmlparser2@0.11.0", "", { "dependencies": { "domhandler": "^5.0.3", "selderee": "^0.11.0" } }, "sha512-P33hHGdldxGabLFjPPpaTxVolMrzrcegejx+0GxjrIb9Zv48D8yAIA/QTDR2dFl7Uz7urX8aX6+5bCZslr+gWQ=="],

    "@types/bun": ["@types/bun@1.3.14", "", { "dependencies": { "bun-types": "1.3.14" } }, "sha512-h1hFqFVcvAvD9j9K7ZW7vd82aSA+rTdznZa+5bwvCwqSB1jmmfLcbIWhOLx1/+boy/xmjgCs/OMUL8hRJSmnPw=="],

    "@types/luxon": ["@types/luxon@3.7.2", "", {}, "sha512-gW+Oib+vUtGJBtNC8V9Reww0oIpusw+4m81uncg9REGZAJfqOQHfo/nkabnc7w0QReXyPqjrbWMJk6NuAkiX3Q=="],

    "@types/node": ["@types/node@26.1.0", "", { "dependencies": { "undici-types": "~8.3.0" } }, "sha512-O0A1G3xPGy4w7AgQdAQYUlQ+BKk2Oovw8eRpofyp5KdBZULnbe+WqaOVNrm705SHphCiG4XHsACrSmPu1f+Kgw=="],

    "@types/nodemailer": ["@types/nodemailer@6.4.24", "", { "dependencies": { "@types/node": "*" } }, "sha512-Ww4u0rT9wQNXh4JiQaIwx3QWdcOFXzOjQA2zc+jtFYNmQiT4mIUqcDin51bDFdkzKubFnQCZNK7FIHlPKQ/q9w=="],

    "@types/react": ["@types/react@19.2.17", "", { "dependencies": { "csstype": "^3.2.2" } }, "sha512-MXfmqaVPEVgkBT/aY0aGCkRWWtByiYQXo3xdQ8r5RzuFrPiRn8Gar2tQdXSUQ2GKV3bkXckek89V8wQBY2Q/Aw=="],

    "bun-types": ["bun-types@1.3.14", "", { "dependencies": { "@types/node": "*" } }, "sha512-4N0ig0fEomHt5R0KCFWjovxow98rIoRwKolrYdCcknNwMekCXRnWEUvgu5soYV8QXtVsrUD8B95MBOZGPvr6KQ=="],

    "cron": ["cron@4.4.0", "", { "dependencies": { "@types/luxon": "~3.7.0", "luxon": "~3.7.0" } }, "sha512-fkdfq+b+AHI4cKdhZlppHveI/mgz2qpiYxcm+t5E5TsxX7QrLS1VE0+7GENEk9z0EeGPcpSciGv6ez24duWhwQ=="],

    "csstype": ["csstype@3.2.3", "", {}, "sha512-z1HGKcYy2xA8AGQfwrn0PAy+PB7X/GSj3UVJW9qKyn43xWa+gl5nXmU4qqLMRzWVLFC8KusUX8T/0kCiOYpAIQ=="],

    "deepmerge": ["deepmerge@4.3.1", "", {}, "sha512-3sUqbMEc77XqpdNO7FRyRog+eW3ph+GYCbj+rK+uYyRMuwsVy0rMiVtPn+QJlKFvWP/1PYpapqYn0Me2knFn+A=="],

    "dom-serializer": ["dom-serializer@2.0.0", "", { "dependencies": { "domelementtype": "^2.3.0", "domhandler": "^5.0.2", "entities": "^4.2.0" } }, "sha512-wIkAryiqt/nV5EQKqQpo3SToSOV9J0DnbJqwK7Wv/Trc92zIAYZ4FlMu+JPFW1DfGFt81ZTCGgDEabffXeLyJg=="],

    "domelementtype": ["domelementtype@2.3.0", "", {}, "sha512-OLETBj6w0OsagBwdXnPdN0cnMfF9opN69co+7ZrbfPGrdpPVNBUj02spi6B1N7wChLQiPn4CSH/zJvXw56gmHw=="],

    "domhandler": ["domhandler@5.0.3", "", { "dependencies": { "domelementtype": "^2.3.0" } }, "sha512-cgwlv/1iFQiFnU96XXgROh8xTeetsnJiDsTc7TYCLFd9+/WNkIqPTxiM/8pSd8VIrhXGTf1Ny1q1hquVqDJB5w=="],

    "domutils": ["domutils@3.2.2", "", { "dependencies": { "dom-serializer": "^2.0.0", "domelementtype": "^2.3.0", "domhandler": "^5.0.3" } }, "sha512-6kZKyUajlDuqlHKVX1w7gyslj9MPIXzIFiz/rGu35uC1wMi+kMhQwGhl4lt9unC9Vb9INnY9Z3/ZA3+FhASLaw=="],

    "entities": ["entities@4.5.0", "", {}, "sha512-V0hjH4dGPh9Ao5p0MoRY6BVqtwCjhz6vI5LT8AJ55H+4g9/4vbHx1I54fS0XuclLhDHArPQCiMjDxjaL8fPxhw=="],

    "fast-deep-equal": ["fast-deep-equal@2.0.1", "", {}, "sha512-bCK/2Z4zLidyB4ReuIsvALH6w31YfAQDmXMqMx6FyfHqvBxtjC0eRumeSu4Bs3XtXwpyIywtSTrVT99BxY1f9w=="],

    "hono": ["hono@4.12.27", "", {}, "sha512-1yrb/+w6HWQJrUCLkJ2IF5jNIPvvFkblV5RNOYl6bV+OA6p9GLcMpHFFGTosSvHvcAUibuUukRqhlYI4z32C7Q=="],

    "html-to-text": ["html-to-text@9.0.5", "", { "dependencies": { "@selderee/plugin-htmlparser2": "^0.11.0", "deepmerge": "^4.3.1", "dom-serializer": "^2.0.0", "htmlparser2": "^8.0.2", "selderee": "^0.11.0" } }, "sha512-qY60FjREgVZL03vJU6IfMV4GDjGBIoOyvuFdpBDIX9yTlDw0TjxVBQp+P8NvpdIXNJvfWBTNul7fsAQJq2FNpg=="],

    "htmlparser2": ["htmlparser2@8.0.2", "", { "dependencies": { "domelementtype": "^2.3.0", "domhandler": "^5.0.3", "domutils": "^3.0.1", "entities": "^4.4.0" } }, "sha512-GYdjWKDkbRLkZ5geuHs5NY1puJ+PXwP7+fHPRz06Eirsb9ugf6d8kkXav6ADhcODhFFPMIXyxkxSuMf3D6NCFA=="],

    "leac": ["leac@0.6.0", "", {}, "sha512-y+SqErxb8h7nE/fiEX07jsbuhrpO9lL8eca7/Y1nuWV2moNlXhyd59iDGcRf6moVyDMbmTNzL40SUyrFU/yDpg=="],

    "luxon": ["luxon@3.7.2", "", {}, "sha512-vtEhXh/gNjI9Yg1u4jX/0YVPMvxzHuGgCm6tC5kZyb08yjGWGnqAjGJvcXbqQR2P3MyMEFnRbpcdFS6PBcLqew=="],

    "marked": ["marked@7.0.4", "", { "bin": { "marked": "bin/marked.js" } }, "sha512-t8eP0dXRJMtMvBojtkcsA7n48BkauktUKzfkPSCq85ZMTJ0v76Rke4DYz01omYpPTUh4p/f7HePgRo3ebG8+QQ=="],

    "md-to-react-email": ["md-to-react-email@5.0.5", "", { "dependencies": { "marked": "7.0.4" }, "peerDependencies": { "react": "^18.0 || ^19.0" } }, "sha512-OvAXqwq57uOk+WZqFFNCMZz8yDp8BD3WazW1wAKHUrPbbdr89K9DWS6JXY09vd9xNdPNeurI8DU/X4flcfaD8A=="],

    "nanoid": ["nanoid@5.1.16", "", { "bin": { "nanoid": "bin/nanoid.js" } }, "sha512-kVrnsrJqMR8+oLJnGEmSWw9BivK5mt7H3FZatVRjrc5wGqFYuBxX1yG7+A7Gi5AefkX6t/oCkizcQgpu0cY1dQ=="],

    "nodemailer": ["nodemailer@6.10.1", "", {}, "sha512-Z+iLaBGVaSjbIzQ4pX6XV41HrooLsQ10ZWPUehGmuantvzWoDVBnmsdUcOIDM1t+yPor5pDhVlDESgOMEGxhHA=="],

    "openapi3-ts": ["openapi3-ts@4.6.0", "", { "dependencies": { "yaml": "^2.9.0" } }, "sha512-a4sfn6L2sIShhtzJqmjGrARvxAW/3F2BJDdyRVvNF9VhAsZSh5hSyI3a9TNvmzBxXmq66nY5LNT5bQcBxYAZZg=="],

    "parseley": ["parseley@0.12.1", "", { "dependencies": { "leac": "^0.6.0", "peberminta": "^0.9.0" } }, "sha512-e6qHKe3a9HWr0oMRVDTRhKce+bRO8VGQR3NyVwcjwrbhMmFCX9KszEV35+rn4AdilFAq9VPxP/Fe1wC9Qjd2lw=="],

    "peberminta": ["peberminta@0.9.0", "", {}, "sha512-XIxfHpEuSJbITd1H3EeQwpcZbTLHc+VVr8ANI9t5sit565tsI4/xK3KWTUFE2e6QiangUkh3B0jihzmGnNrRsQ=="],

    "postgres": ["postgres@3.4.9", "", {}, "sha512-GD3qdB0x1z9xgFI6cdRD6xu2Sp2WCOEoe3mtnyB5Ee0XrrL5Pe+e4CCnJrRMnL1zYtRDZmQQVbvOttLnKDLnaw=="],

    "prettier": ["prettier@3.9.4", "", { "bin": { "prettier": "bin/prettier.cjs" } }, "sha512-yWG/o/4oJfo036EKAfK6ACAoDOfHeRHx4tuxkfBZiauURiaSmYwlpOr5LQqKtIkRD2z1PLteme2WoxEnj4tHTg=="],

    "prismjs": ["prismjs@1.29.0", "", {}, "sha512-Kx/1w86q/epKcmte75LNrEoT+lX8pBpavuAbvJWRXar7Hz8jrtF+e3vY751p0R8H9HdArwaCTNDDzHg/ScJK1Q=="],

    "react": ["react@19.2.7", "", {}, "sha512-HNe9WslTbXmFK8o8cmwgAeJFSBvt1bPdHCVKtaaV+WlAN36mpT4hcRpwbf3fY56ar2oIXzsBpOAiIRHAdY0OlQ=="],

    "react-dom": ["react-dom@19.2.7", "", { "dependencies": { "scheduler": "^0.27.0" }, "peerDependencies": { "react": "^19.2.7" } }, "sha512-t0BRVXvbiE/o20Hfw669rLbMCDWtYZLvmJigy2f0MxsXF+71pxhR3xOkspmsO8h3ZlNzyibAmtCa3l4lYKk6gQ=="],

    "react-promise-suspense": ["react-promise-suspense@0.3.4", "", { "dependencies": { "fast-deep-equal": "^2.0.1" } }, "sha512-I42jl7L3Ze6kZaq+7zXWSunBa3b1on5yfvUW6Eo/3fFOj6dZ5Bqmcd264nJbTK/gn1HjjILAjSwnZbV4RpSaNQ=="],

    "resend": ["resend@4.8.0", "", { "dependencies": { "@react-email/render": "1.1.2" } }, "sha512-R8eBOFQDO6dzRTDmaMEdpqrkmgSjPpVXt4nGfWsZdYOet0kqra0xgbvTES6HmCriZEXbmGk3e0DiGIaLFTFSHA=="],

    "scheduler": ["scheduler@0.27.0", "", {}, "sha512-eNv+WrVbKu1f3vbYJT/xtiF5syA5HPIMtf9IgY/nKg0sWqzAUEvqY/xm7OcZc/qafLx/iO9FgOmeSAp4v5ti/Q=="],

    "selderee": ["selderee@0.11.0", "", { "dependencies": { "parseley": "^0.12.0" } }, "sha512-5TF+l7p4+OsnP8BCCvSyZiSPc4x4//p5uPwK8TCnVPJYRmU2aYKMpOXvw8zM5a5JvuuCGN1jmsMwuU2W02ukfA=="],

    "tagged-tag": ["tagged-tag@1.0.0", "", {}, "sha512-yEFYrVhod+hdNyx7g5Bnkkb0G6si8HJurOoOEgC8B/O0uXLHlaey/65KRv6cuWBNhBgHKAROVpc7QyYqE5gFng=="],

    "type-fest": ["type-fest@5.7.0", "", { "dependencies": { "tagged-tag": "^1.0.0" } }, "sha512-1URUxUqfHFM1c+zfSPsa3gnkO7Aq21qyH75SIduNYz4SzY964rn1X2vCMQaHSHhktiw+0kPa2iyb6PUpXqB6Vg=="],

    "typescript": ["typescript@5.9.3", "", { "bin": { "tsc": "bin/tsc", "tsserver": "bin/tsserver" } }, "sha512-jl1vZzPDinLr9eUt3J/t7V6FgNEw9QjvBPdysz9KfQDD41fQrC2Y4vKQdiaUpFT4bXlb1RHhLpp8wtm6M5TgSw=="],

    "undici-types": ["undici-types@8.3.0", "", {}, "sha512-j375ScV60dom+YkPFIfTLcOiPxkN/buHz5GobjLhixFuANaNs3C9l4GmrWqejgXWJ7BbJcFYpTEUkS1Ge8bpZQ=="],

    "yaml": ["yaml@2.9.0", "", { "bin": { "yaml": "bin.mjs" } }, "sha512-2AvhNX3mb8zd6Zy7INTtSpl1F15HW6Wnqj0srWlkKLcpYl/gMIMJiyuGq2KeI2YFxUPjdlB+3Lc10seMLtL4cA=="],

    "zod": ["zod@4.4.3", "", {}, "sha512-ytENFjIJFl2UwYglde2jchW2Hwm4GJFLDiSXWdTrJQBIN9Fcyp7n4DhxJEiWNAJMV1/BqWfW/kkg71UDcHJyTQ=="],

    "@react-email/components/@react-email/render": ["@react-email/render@1.0.4", "", { "dependencies": { "html-to-text": "9.0.5", "prettier": "3.4.2", "react-promise-suspense": "0.3.4" }, "peerDependencies": { "react": "^18.0 || ^19.0 || ^19.0.0-rc", "react-dom": "^18.0 || ^19.0 || ^19.0.0-rc" } }, "sha512-8ZXi89d8igBDE6W3zlHBa3GEDWKEUFDAa7i8MvVxnRViQuvsRbibK3ltuPgixxRI5+HgGNCSreBHQKZCkhUdyw=="],

    "resend/@react-email/render": ["@react-email/render@1.1.2", "", { "dependencies": { "html-to-text": "^9.0.5", "prettier": "^3.5.3", "react-promise-suspense": "^0.3.4" }, "peerDependencies": { "react": "^18.0 || ^19.0 || ^19.0.0-rc", "react-dom": "^18.0 || ^19.0 || ^19.0.0-rc" } }, "sha512-RnRehYN3v9gVlNMehHPHhyp2RQo7+pSkHDtXPvg3s0GbzM9SQMW4Qrf8GRNvtpLC4gsI+Wt0VatNRUFqjvevbw=="],

    "@react-email/components/@react-email/render/prettier": ["prettier@3.4.2", "", { "bin": { "prettier": "bin/prettier.cjs" } }, "sha512-e9MewbtFo+Fevyuxn/4rrcDAaq0IYxPGLvObpQjiZBMAzB9IGmzlnG9RZy3FFas+eBMu2vA0CszMeduow5dIuQ=="],
  }
}
